
Microsoft Visual Studio Solution File, Format Version 12.00
# Visual Studio 14
VisualStudioVersion = 14.0.24720.0
MinimumVisualStudioVersion = 10.0.40219.1
Project("{8BC9CEB8-8B4A-11D0-8D11-00A0C91BC942}") = "WeatherStation", "WeatherStation\WeatherStation.vcxproj", "{FCDB7FE8-7A0C-43DC-B476-4AB6B6DF5933}"
EndProject
Project("{8BC9CEB8-8B4A-11D0-8D11-00A0C91BC942}") = "tests", "tests\tests.vcxproj", "{BD982DBB-69C7-4A96-9690-4D3E43EEFD8A}"
EndProject
Project("{8BC9CEB8-8B4A-11D0-8D11-00A0C91BC942}") = "observer", "observer\observer.vcxproj", "{A7237AF6-C082-49E7-AAC5-5942DD5CA7E3}"
EndProject
Global
	GlobalSection(SolutionConfigurationPlatforms) = preSolution
		Debug|x64 = Debug|x64
		Debug|x86 = Debug|x86
		Release|x64 = Release|x64
		Release|x86 = Release|x86
	EndGlobalSection
	GlobalSection(ProjectConfigurationPlatforms) = postSolution
		{FCDB7FE8-7A0C-43DC-B476-4AB6B6DF5933}.Debug|x64.ActiveCfg = Debug|x64
		{FCDB7FE8-7A0C-43DC-B476-4AB6B6DF5933}.Debug|x64.Build.0 = Debug|x64
		{FCDB7FE8-7A0C-43DC-B476-4AB6B6DF5933}.Debug|x86.ActiveCfg = Debug|Win32
		{FCDB7FE8-7A0C-43DC-B476-4AB6B6DF5933}.Debug|x86.Build.0 = Debug|Win32
		{FCDB7FE8-7A0C-43DC-B476-4AB6B6DF5933}.Release|x64.ActiveCfg = Release|x64
		{FCDB7FE8-7A0C-43DC-B476-4AB6B6DF5933}.Release|x64.Build.0 = Release|x64
		{FCDB7FE8-7A0C-43DC-B476-4AB6B6DF5933}.Release|x86.ActiveCfg = Release|Win32
		{FCDB7FE8-7A0C-43DC-B476-4AB6B6DF5933}.Release|x86.Build.0 = Release|Win32
		{BD982DBB-69C7-4A96-9690-4D3E43EEFD8A}.Debug|x64.ActiveCfg = Debug|x64
		{BD982DBB-69C7-4A96-9690-4D3E43EEFD8A}.Debug|x64.Build.0 = Debug|x64
		{BD982DBB-69C7-4A96-9690-4D3E43EEFD8A}.Debug|x86.ActiveCfg = Debug|Win32
		{BD982DBB-69C7-4A96-9690-4D3E43EEFD8A}.Debug|x86.Build.0 = Debug|Win32
		{BD982DBB-69C7-4A96-9690-4D3E43EEFD8A}.Release|x64.ActiveCfg = Release|x64
		{BD982DBB-69C7-4A96-9690-4D3E43EEFD8A}.Release|x64.Build.0 = Release|x64
		{BD982DBB-69C7-4A96-9690-4D3E43EEFD8A}.Release|x86.ActiveCfg = Release|Win32
		{BD982DBB-69C7-4A96-9690-4D3E43EEFD8A}.Release|x86.Build.0 = Release|Win32
		{A7237AF6-C082-49E7-AAC5-5942DD5CA7E3}.Debug|x64.ActiveCfg = Debug|x64
		{A7237AF6-C082-49E7-AAC5-5942DD5CA7E3}.Debug|x64.Build.0 = Debug|x64
		{A7237AF6-C082-49E7-AAC5-5942DD5CA7E3}.Debug|x86.ActiveCfg = Debug|Win32
		{A7237AF6-C082-49E7-AAC5-5942DD5CA7E3}.Debug|x86.Build.0 = Debug|Win32
		{A7237AF6-C082-49E7-AAC5-5942DD5CA7E3}.Release|x64.ActiveCfg = Release|x64
		{A7237AF6-C082-49E7-AAC5-5942DD5CA7E3}.Release|x64.Build.0 = Release|x64
		{A7237AF6-C082-49E7-AAC5-5942DD5CA7E3}.Release|x86.ActiveCfg = Release|Win32
		{A7237AF6-C082-49E7-AAC5-5942DD5CA7E3}.Release|x86.Build.0 = Release|Win32
	EndGlobalSection
	GlobalSection(SolutionProperties) = preSolution
		HideSolutionNode = FALSE
	EndGlobalSection
EndGlobal
